
Microsoft Visual Studio Solution File, Format Version 12.00
# Visual Studio Version 17
VisualStudioVersion = 17.11.35219.272
MinimumVisualStudioVersion = 10.0.40219.1
Project("{FAE04EC0-301F-11D3-BF4B-00C04F79EFBC}") = "Iterator Pattern", "ConsoleApp7\Iterator Pattern.csproj", "{A3B02DAB-363A-4AE0-92A0-4C6ACDBA7B45}"
EndProject
Global
	GlobalSection(SolutionConfigurationPlatforms) = preSolution
		Debug|Any CPU = Debug|Any CPU
		Release|Any CPU = Release|Any CPU
	EndGlobalSection
	GlobalSection(ProjectConfigurationPlatforms) = postSolution
		{A3B02DAB-363A-4AE0-92A0-4C6ACDBA7B45}.Debug|Any CPU.ActiveCfg = Debug|Any CPU
		{A3B02DAB-363A-4AE0-92A0-4C6ACDBA7B45}.Debug|Any CPU.Build.0 = Debug|Any CPU
		{A3B02DAB-363A-4AE0-92A0-4C6ACDBA7B45}.Release|Any CPU.ActiveCfg = Release|Any CPU
		{A3B02DAB-363A-4AE0-92A0-4C6ACDBA7B45}.Release|Any CPU.Build.0 = Release|Any CPU
	EndGlobalSection
	GlobalSection(SolutionProperties) = preSolution
		HideSolutionNode = FALSE
	EndGlobalSection
	GlobalSection(ExtensibilityGlobals) = postSolution
		SolutionGuid = {77BCCD01-B418-4F90-BE37-362CD79027FF}
	EndGlobalSection
EndGlobal
